
Microsoft Visual Studio Solution File, Format Version 12.00
# Visual Studio Version 17
VisualStudioVersion = 17.10.35122.118
MinimumVisualStudioVersion = 10.0.40219.1
Project("{9A19103F-16F7-4668-BE54-9A1E7A4F7556}") = "BestCakes.API", "BestCakes.API\BestCakes.API.csproj", "{7627BD3B-4281-470C-B055-6AF8A95754DA}"
EndProject
Project("{9A19103F-16F7-4668-BE54-9A1E7A4F7556}") = "BestCakes.DAL", "BestCakes.DAL\BestCakes.DAL.csproj", "{9F8EB1BF-2B72-4413-8543-9B498D2080DD}"
EndProject
Project("{9A19103F-16F7-4668-BE54-9A1E7A4F7556}") = "BestCakes.Repositories", "BestCakes.Repositories\BestCakes.Repositories.csproj", "{4DAB2752-2466-4BFB-B10D-6F9423D4743D}"
EndProject
Project("{FAE04EC0-301F-11D3-BF4B-00C04F79EFBC}") = "BestCakes.Models", "BestCakes.Models\BestCakes.Models.csproj", "{A6AE57A4-410E-452B-B7C2-CA7269A336C3}"
EndProject
Global
	GlobalSection(SolutionConfigurationPlatforms) = preSolution
		Debug|Any CPU = Debug|Any CPU
		Release|Any CPU = Release|Any CPU
	EndGlobalSection
	GlobalSection(ProjectConfigurationPlatforms) = postSolution
		{7627BD3B-4281-470C-B055-6AF8A95754DA}.Debug|Any CPU.ActiveCfg = Debug|Any CPU
		{7627BD3B-4281-470C-B055-6AF8A95754DA}.Debug|Any CPU.Build.0 = Debug|Any CPU
		{7627BD3B-4281-470C-B055-6AF8A95754DA}.Release|Any CPU.ActiveCfg = Release|Any CPU
		{7627BD3B-4281-470C-B055-6AF8A95754DA}.Release|Any CPU.Build.0 = Release|Any CPU
		{9F8EB1BF-2B72-4413-8543-9B498D2080DD}.Debug|Any CPU.ActiveCfg = Debug|Any CPU
		{9F8EB1BF-2B72-4413-8543-9B498D2080DD}.Debug|Any CPU.Build.0 = Debug|Any CPU
		{9F8EB1BF-2B72-4413-8543-9B498D2080DD}.Release|Any CPU.ActiveCfg = Release|Any CPU
		{9F8EB1BF-2B72-4413-8543-9B498D2080DD}.Release|Any CPU.Build.0 = Release|Any CPU
		{4DAB2752-2466-4BFB-B10D-6F9423D4743D}.Debug|Any CPU.ActiveCfg = Debug|Any CPU
		{4DAB2752-2466-4BFB-B10D-6F9423D4743D}.Debug|Any CPU.Build.0 = Debug|Any CPU
		{4DAB2752-2466-4BFB-B10D-6F9423D4743D}.Release|Any CPU.ActiveCfg = Release|Any CPU
		{4DAB2752-2466-4BFB-B10D-6F9423D4743D}.Release|Any CPU.Build.0 = Release|Any CPU
		{A6AE57A4-410E-452B-B7C2-CA7269A336C3}.Debug|Any CPU.ActiveCfg = Debug|Any CPU
		{A6AE57A4-410E-452B-B7C2-CA7269A336C3}.Debug|Any CPU.Build.0 = Debug|Any CPU
		{A6AE57A4-410E-452B-B7C2-CA7269A336C3}.Release|Any CPU.ActiveCfg = Release|Any CPU
		{A6AE57A4-410E-452B-B7C2-CA7269A336C3}.Release|Any CPU.Build.0 = Release|Any CPU
	EndGlobalSection
	GlobalSection(SolutionProperties) = preSolution
		HideSolutionNode = FALSE
	EndGlobalSection
	GlobalSection(ExtensibilityGlobals) = postSolution
		SolutionGuid = {47D9EE7A-1D62-4B24-B11F-AFD6BB0E7B38}
	EndGlobalSection
EndGlobal
